// !$*UTF8*$!
{
	archiveVersion = 1;
	classes = {
	};
	objectVersion = 46;
	objects = {

/* Begin PBXBuildFile section */
		C6F14C2E1B020DDE0086EDE1 /* AppDelegate.swift in Sources */ = {isa = PBXBuildFile; fileRef = C6F14C2D1B020DDE0086EDE1 /* AppDelegate.swift */; };
		C6F14C301B020DDE0086EDE1 /* ViewController.swift in Sources */ = {isa = PBXBuildFile; fileRef = C6F14C2F1B020DDE0086EDE1 /* ViewController.swift */; };
		C6F14C331B020DDE0086EDE1 /* Main.storyboard in Resources */ = {isa = PBXBuildFile; fileRef = C6F14C311B020DDE0086EDE1 /* Main.storyboard */; };
		C6F14C351B020DDE0086EDE1 /* Images.xcassets in Resources */ = {isa = PBXBuildFile; fileRef = C6F14C341B020DDE0086EDE1 /* Images.xcassets */; };
		C6F14C381B020DDE0086EDE1 /* LaunchScreen.xib in Resources */ = {isa = PBXBuildFile; fileRef = C6F14C361B020DDE0086EDE1 /* LaunchScreen.xib */; };
		C6F14C441B020DDE0086EDE1 /* HelloImageViewTests.swift in Sources */ = {isa = PBXBuildFile; fileRef = C6F14C431B020DDE0086EDE1 /* HelloImageViewTests.swift */; };
/* End PBXBuildFile section */

/* Begin PBXContainerItemProxy section */
		C6F14C3E1B020DDE0086EDE1 /* PBXContainerItemProxy */ = {
			isa = PBXContainerItemProxy;
			containerPortal = C6F14C201B020DDE0086EDE1 /* Project object */;
			proxyType = 1;
			remoteGlobalIDString = C6F14C271B020DDE0086EDE1;
			remoteInfo = HelloImageView;
		};
/* End PBXContainerItemProxy section */

/* Begin PBXFileReference section */
		C6F14C281B020DDE0086EDE1 /* HelloImageView.app */ = {isa = PBXFileReference; explicitFileType = wrapper.application; includeInIndex = 0; path = HelloImageView.app; sourceTree = BUILT_PRODUCTS_DIR; };
		C6F14C2C1B020DDE0086EDE1 /* Info.plist */ = {isa = PBXFileReference; lastKnownFileType = text.plist.xml; path = Info.plist; sourceTree = "<group>"; };
		C6F14C2D1B020DDE0086EDE1 /* AppDelegate.swift */ = {isa = PBXFileReference; lastKnownFileType = sourcecode.swift; path = AppDelegate.swift; sourceTree = "<group>"; };
		C6F14C2F1B020DDE0086EDE1 /* ViewController.swift */ = {isa = PBXFileReference; lastKnownFileType = sourcecode.swift; path = ViewController.swift; sourceTree = "<group>"; };
		C6F14C321B020DDE0086EDE1 /* Base */ = {isa = PBXFileReference; lastKnownFileType = file.storyboard; name = Base; path = Base.lproj/Main.storyboard; sourceTree = "<group>"; };
		C6F14C341B020DDE0086EDE1 /* Images.xcassets */ = {isa = PBXFileReference; lastKnownFileType = folder.assetcatalog; path = Images.xcassets; sourceTree = "<group>"; };
		C6F14C371B020DDE0086EDE1 /* Base */ = {isa = PBXFileReference; lastKnownFileType = file.xib; name = Base; path = Base.lproj/LaunchScreen.xib; sourceTree = "<group>"; };
		C6F14C3D1B020DDE0086EDE1 /* HelloImageViewTests.xctest */ = {isa = PBXFileReference; explicitFileType = wrapper.cfbundle; includeInIndex = 0; path = HelloImageViewTests.xctest; sourceTree = BUILT_PRODUCTS_DIR; };
		C6F14C421B020DDE0086EDE1 /* Info.plist */ = {isa = PBXFileReference; lastKnownFileType = text.plist.xml; path = Info.plist; sourceTree = "<group>"; };
		C6F14C431B020DDE0086EDE1 /* HelloImageViewTests.swift */ = {isa = PBXFileReference; lastKnownFileType = sourcecode.swift; path = HelloImageViewTests.swift; sourceTree = "<group>"; };
/* End PBXFileReference section */

/* Begin PBXFrameworksBuildPhase section */
		C6F14C251B020DDE0086EDE1 /* Frameworks */ = {
			isa = PBXFrameworksBuildPhase;
			buildActionMask = 2147483647;
			files = (
			);
			runOnlyForDeploymentPostprocessing = 0;
		};
		C6F14C3A1B020DDE0086EDE1 /* Frameworks */ = {
			isa = PBXFrameworksBuildPhase;
			buildActionMask = 2147483647;
			files = (
			);
			runOnlyForDeploymentPostprocessing = 0;
		};
/* End PBXFrameworksBuildPhase section */

/* Begin PBXGroup section */
		C6F14C1F1B020DDE0086EDE1 = {
			isa = PBXGroup;
			children = (
				C6F14C2A1B020DDE0086EDE1 /* HelloImageView */,
				C6F14C401B020DDE0086EDE1 /* HelloImageViewTests */,
				C6F14C291B020DDE0086EDE1 /* Products */,
			);
			sourceTree = "<group>";
		};
		C6F14C291B020DDE0086EDE1 /* Products */ = {
			isa = PBXGroup;
			children = (
				C6F14C281B020DDE0086EDE1 /* HelloImageView.app */,
				C6F14C3D1B020DDE0086EDE1 /* HelloImageViewTests.xctest */,
			);
			name = Products;
			sourceTree = "<group>";
		};
		C6F14C2A1B020DDE0086EDE1 /* HelloImageView */ = {
			isa = PBXGroup;
			children = (
				C6F14C2D1B020DDE0086EDE1 /* AppDelegate.swift */,
				C6F14C2F1B020DDE0086EDE1 /* ViewController.swift */,
				C6F14C311B020DDE0086EDE1 /* Main.storyboard */,
				C6F14C341B020DDE0086EDE1 /* Images.xcassets */,
				C6F14C361B020DDE0086EDE1 /* LaunchScreen.xib */,
				C6F14C2B1B020DDE0086EDE1 /* Supporting Files */,
			);
			path = HelloImageView;
			sourceTree = "<group>";
		};
		C6F14C2B1B020DDE0086EDE1 /* Supporting Files */ = {
			isa = PBXGroup;
			children = (
				C6F14C2C1B020DDE0086EDE1 /* Info.plist */,
			);
			name = "Supporting Files";
			sourceTree = "<group>";
		};
		C6F14C401B020DDE0086EDE1 /* HelloImageViewTests */ = {
			isa = PBXGroup;
			children = (
				C6F14C431B020DDE0086EDE1 /* HelloImageViewTests.swift */,
				C6F14C411B020DDE0086EDE1 /* Supporting Files */,
			);
			path = HelloImageViewTests;
			sourceTree = "<group>";
		};
		C6F14C411B020DDE0086EDE1 /* Supporting Files */ = {
			isa = PBXGroup;
			children = (
				C6F14C421B020DDE0086EDE1 /* Info.plist */,
			);
			name = "Supporting Files";
			sourceTree = "<group>";
		};
/* End PBXGroup section */

/* Begin PBXNativeTarget section */
		C6F14C271B020DDE0086EDE1 /* HelloImageView */ = {
			isa = PBXNativeTarget;
			buildConfigurationList = C6F14C471B020DDE0086EDE1 /* Build configuration list for PBXNativeTarget "HelloImageView" */;
			buildPhases = (
				C6F14C241B020DDE0086EDE1 /* Sources */,
				C6F14C251B020DDE0086EDE1 /* Frameworks */,
				C6F14C261B020DDE0086EDE1 /* Resources */,
			);
			buildRules = (
			);
			dependencies = (
			);
			name = HelloImageView;
			productName = HelloImageView;
			productReference = C6F14C281B020DDE0086EDE1 /* HelloImageView.app */;
			productType = "com.apple.product-type.application";
		};
		C6F14C3C1B020DDE0086EDE1 /* HelloImageViewTests */ = {
			isa = PBXNativeTarget;
			buildConfigurationList = C6F14C4A1B020DDE0086EDE1 /* Build configuration list for PBXNativeTarget "HelloImageViewTests" */;
			buildPhases = (
				C6F14C391B020DDE0086EDE1 /* Sources */,
				C6F14C3A1B020DDE0086EDE1 /* Frameworks */,
				C6F14C3B1B020DDE0086EDE1 /* Resources */,
			);
			buildRules = (
			);
			dependencies = (
				C6F14C3F1B020DDE0086EDE1 /* PBXTargetDependency */,
			);
			name = HelloImageViewTests;
			productName = HelloImageViewTests;
			productReference = C6F14C3D1B020DDE0086EDE1 /* HelloImageViewTests.xctest */;
			productType = "com.apple.product-type.bundle.unit-test";
		};
/* End PBXNativeTarget section */

/* Begin PBXProject section */
		C6F14C201B020DDE0086EDE1 /* Project object */ = {
			isa = PBXProject;
			attributes = {
				LastUpgradeCheck = 0630;
				ORGANIZATIONNAME = SyuZihcing;
				TargetAttributes = {
					C6F14C271B020DDE0086EDE1 = {
						CreatedOnToolsVersion = 6.3;
					};
					C6F14C3C1B020DDE0086EDE1 = {
						CreatedOnToolsVersion = 6.3;
						TestTargetID = C6F14C271B020DDE0086EDE1;
					};
				};
			};
			buildConfigurationList = C6F14C231B020DDE0086EDE1 /* Build configuration list for PBXProject "HelloImageView" */;
			compatibilityVersion = "Xcode 3.2";
			developmentRegion = English;
			hasScannedForEncodings = 0;
			knownRegions = (
				en,
				Base,
			);
			mainGroup = C6F14C1F1B020DDE0086EDE1;
			productRefGroup = C6F14C291B020DDE0086EDE1 /* Products */;
			projectDirPath = "";
			projectRoot = "";
			targets = (
				C6F14C271B020DDE0086EDE1 /* HelloImageView */,
				C6F14C3C1B020DDE0086EDE1 /* HelloImageViewTests */,
			);
		};
/* End PBXProject section */

/* Begin PBXResourcesBuildPhase section */
		C6F14C261B020DDE0086EDE1 /* Resources */ = {
			isa = PBXResourcesBuildPhase;
			buildActionMask = 2147483647;
			files = (
				C6F14C331B020DDE0086EDE1 /* Main.storyboard in Resources */,
				C6F14C381B020DDE0086EDE1 /* LaunchScreen.xib in Resources */,
				C6F14C351B020DDE0086EDE1 /* Images.xcassets in Resources */,
			);
			runOnlyForDeploymentPostprocessing = 0;
		};
		C6F14C3B1B020DDE0086EDE1 /* Resources */ = {
			isa = PBXResourcesBuildPhase;
			buildActionMask = 2147483647;
			files = (
			);
			runOnlyForDeploymentPostprocessing = 0;
		};
/* End PBXResourcesBuildPhase section */

/* Begin PBXSourcesBuildPhase section */
		C6F14C241B020DDE0086EDE1 /* Sources */ = {
			isa = PBXSourcesBuildPhase;
			buildActionMask = 2147483647;
			files = (
				C6F14C301B020DDE0086EDE1 /* ViewController.swift in Sources */,
				C6F14C2E1B020DDE0086EDE1 /* AppDelegate.swift in Sources */,
			);
			runOnlyForDeploymentPostprocessing = 0;
		};
		C6F14C391B020DDE0086EDE1 /* Sources */ = {
			isa = PBXSourcesBuildPhase;
			buildActionMask = 2147483647;
			files = (
				C6F14C441B020DDE0086EDE1 /* HelloImageViewTests.swift in Sources */,
			);
			runOnlyForDeploymentPostprocessing = 0;
		};
/* End PBXSourcesBuildPhase section */

/* Begin PBXTargetDependency section */
		C6F14C3F1B020DDE0086EDE1 /* PBXTargetDependency */ = {
			isa = PBXTargetDependency;
			target = C6F14C271B020DDE0086EDE1 /* HelloImageView */;
			targetProxy = C6F14C3E1B020DDE0086EDE1 /* PBXContainerItemProxy */;
		};
/* End PBXTargetDependency section */

/* Begin PBXVariantGroup section */
		C6F14C311B020DDE0086EDE1 /* Main.storyboard */ = {
			isa = PBXVariantGroup;
			children = (
				C6F14C321B020DDE0086EDE1 /* Base */,
			);
			name = Main.storyboard;
			sourceTree = "<group>";
		};
		C6F14C361B020DDE0086EDE1 /* LaunchScreen.xib */ = {
			isa = PBXVariantGroup;
			children = (
				C6F14C371B020DDE0086EDE1 /* Base */,
			);
			name = LaunchScreen.xib;
			sourceTree = "<group>";
		};
/* End PBXVariantGroup section */

/* Begin XCBuildConfiguration section */
		C6F14C451B020DDE0086EDE1 /* Debug */ = {
			isa = XCBuildConfiguration;
			buildSettings = {
				ALWAYS_SEARCH_USER_PATHS = NO;
				CLANG_CXX_LANGUAGE_STANDARD = "gnu++0x";
				CLANG_CXX_LIBRARY = "libc++";
				CLANG_ENABLE_MODULES = YES;
				CLANG_ENABLE_OBJC_ARC = YES;
				CLANG_WARN_BOOL_CONVERSION = YES;
				CLANG_WARN_CONSTANT_CONVERSION = YES;
				CLANG_WARN_DIRECT_OBJC_ISA_USAGE = YES_ERROR;
				CLANG_WARN_EMPTY_BODY = YES;
				CLANG_WARN_ENUM_CONVERSION = YES;
				CLANG_WARN_INT_CONVERSION = YES;
				CLANG_WARN_OBJC_ROOT_CLASS = YES_ERROR;
				CLANG_WARN_UNREACHABLE_CODE = YES;
				CLANG_WARN__DUPLICATE_METHOD_MATCH = YES;
				"CODE_SIGN_IDENTITY[sdk=iphoneos*]" = "iPhone Developer";
				COPY_PHASE_STRIP = NO;
				DEBUG_INFORMATION_FORMAT = "dwarf-with-dsym";
				ENABLE_STRICT_OBJC_MSGSEND = YES;
				GCC_C_LANGUAGE_STANDARD = gnu99;
				GCC_DYNAMIC_NO_PIC = NO;
				GCC_NO_COMMON_BLOCKS = YES;
				GCC_OPTIMIZATION_LEVEL = 0;
				GCC_PREPROCESSOR_DEFINITIONS = (
					"DEBUG=1",
					"$(inherited)",
				);
				GCC_SYMBOLS_PRIVATE_EXTERN = NO;
				GCC_WARN_64_TO_32_BIT_CONVERSION = YES;
				GCC_WARN_ABOUT_RETURN_TYPE = YES_ERROR;
				GCC_WARN_UNDECLARED_SELECTOR = YES;
				GCC_WARN_UNINITIALIZED_AUTOS = YES_AGGRESSIVE;
				GCC_WARN_UNUSED_FUNCTION = YES;
				GCC_WARN_UNUSED_VARIABLE = YES;
				IPHONEOS_DEPLOYMENT_TARGET = 8.3;
				MTL_ENABLE_DEBUG_INFO = YES;
				ONLY_ACTIVE_ARCH = YES;
				SDKROOT = iphoneos;
				SWIFT_OPTIMIZATION_LEVEL = "-Onone";
			};
			name = Debug;
		};
		C6F14C461B020DDE0086EDE1 /* Release */ = {
			isa = XCBuildConfiguration;
			buildSettings = {
				ALWAYS_SEARCH_USER_PATHS = NO;
				CLANG_CXX_LANGUAGE_STANDARD = "gnu++0x";
				CLANG_CXX_LIBRARY = "libc++";
				CLANG_ENABLE_MODULES = YES;
				CLANG_ENABLE_OBJC_ARC = YES;
				CLANG_WARN_BOOL_CONVERSION = YES;
				CLANG_WARN_CONSTANT_CONVERSION = YES;
				CLANG_WARN_DIRECT_OBJC_ISA_USAGE = YES_ERROR;
				CLANG_WARN_EMPTY_BODY = YES;
				CLANG_WARN_ENUM_CONVERSION = YES;
				CLANG_WARN_INT_CONVERSION = YES;
				CLANG_WARN_OBJC_ROOT_CLASS = YES_ERROR;
				CLANG_WARN_UNREACHABLE_CODE = YES;
				CLANG_WARN__DUPLICATE_METHOD_MATCH = YES;
				"CODE_SIGN_IDENTITY[sdk=iphoneos*]" = "iPhone Developer";
				COPY_PHASE_STRIP = NO;
				DEBUG_INFORMATION_FORMAT = "dwarf-with-dsym";
				ENABLE_NS_ASSERTIONS = NO;
				ENABLE_STRICT_OBJC_MSGSEND = YES;
				GCC_C_LANGUAGE_STANDARD = gnu99;
				GCC_NO_COMMON_BLOCKS = YES;
				GCC_WARN_64_TO_32_BIT_CONVERSION = YES;
				GCC_WARN_ABOUT_RETURN_TYPE = YES_ERROR;
				GCC_WARN_UNDECLARED_SELECTOR = YES;
				GCC_WARN_UNINITIALIZED_AUTOS = YES_AGGRESSIVE;
				GCC_WARN_UNUSED_FUNCTION = YES;
				GCC_WARN_UNUSED_VARIABLE = YES;
				IPHONEOS_DEPLOYMENT_TARGET = 8.3;
				MTL_ENABLE_DEBUG_INFO = NO;
				SDKROOT = iphoneos;
				VALIDATE_PRODUCT = YES;
			};
			name = Release;
		};
		C6F14C481B020DDE0086EDE1 /* Debug */ = {
			isa = XCBuildConfiguration;
			buildSettings = {
				ASSETCATALOG_COMPILER_APPICON_NAME = AppIcon;
				INFOPLIST_FILE = HelloImageView/Info.plist;
				LD_RUNPATH_SEARCH_PATHS = "$(inherited) @executable_path/Frameworks";
				PRODUCT_NAME = "$(TARGET_NAME)";
			};
			name = Debug;
		};
		C6F14C491B020DDE0086EDE1 /* Release */ = {
			isa = XCBuildConfiguration;
			buildSettings = {
				ASSETCATALOG_COMPILER_APPICON_NAME = AppIcon;
				INFOPLIST_FILE = HelloImageView/Info.plist;
				LD_RUNPATH_SEARCH_PATHS = "$(inherited) @executable_path/Frameworks";
				PRODUCT_NAME = "$(TARGET_NAME)";
			};
			name = Release;
		};
		C6F14C4B1B020DDE0086EDE1 /* Debug */ = {
			isa = XCBuildConfiguration;
			buildSettings = {
				BUNDLE_LOADER = "$(TEST_HOST)";
				FRAMEWORK_SEARCH_PATHS = (
					"$(SDKROOT)/Developer/Library/Frameworks",
					"$(inherited)",
				);
				GCC_PREPROCESSOR_DEFINITIONS = (
					"DEBUG=1",
					"$(inherited)",
				);
				INFOPLIST_FILE = HelloImageViewTests/Info.plist;
				LD_RUNPATH_SEARCH_PATHS = "$(inherited) @executable_path/Frameworks @loader_path/Frameworks";
				PRODUCT_NAME = "$(TARGET_NAME)";
				TEST_HOST = "$(BUILT_PRODUCTS_DIR)/HelloImageView.app/HelloImageView";
			};
			name = Debug;
		};
		C6F14C4C1B020DDE0086EDE1 /* Release */ = {
			isa = XCBuildConfiguration;
			buildSettings = {
				BUNDLE_LOADER = "$(TEST_HOST)";
				FRAMEWORK_SEARCH_PATHS = (
					"$(SDKROOT)/Developer/Library/Frameworks",
					"$(inherited)",
				);
				INFOPLIST_FILE = HelloImageViewTests/Info.plist;
				LD_RUNPATH_SEARCH_PATHS = "$(inherited) @executable_path/Frameworks @loader_path/Frameworks";
				PRODUCT_NAME = "$(TARGET_NAME)";
				TEST_HOST = "$(BUILT_PRODUCTS_DIR)/HelloImageView.app/HelloImageView";
			};
			name = Release;
		};
/* End XCBuildConfiguration section */

/* Begin XCConfigurationList section */
		C6F14C231B020DDE0086EDE1 /* Build configuration list for PBXProject "HelloImageView" */ = {
			isa = XCConfigurationList;
			buildConfigurations = (
				C6F14C451B020DDE0086EDE1 /* Debug */,
				C6F14C461B020DDE0086EDE1 /* Release */,
			);
			defaultConfigurationIsVisible = 0;
			defaultConfigurationName = Release;
		};
		C6F14C471B020DDE0086EDE1 /* Build configuration list for PBXNativeTarget "HelloImageView" */ = {
			isa = XCConfigurationList;
			buildConfigurations = (
				C6F14C481B020DDE0086EDE1 /* Debug */,
				C6F14C491B020DDE0086EDE1 /* Release */,
			);
			defaultConfigurationIsVisible = 0;
		};
		C6F14C4A1B020DDE0086EDE1 /* Build configuration list for PBXNativeTarget "HelloImageViewTests" */ = {
			isa = XCConfigurationList;
			buildConfigurations = (
				C6F14C4B1B020DDE0086EDE1 /* Debug */,
				C6F14C4C1B020DDE0086EDE1 /* Release */,
			);
			defaultConfigurationIsVisible = 0;
		};
/* End XCConfigurationList section */
	};
	rootObject = C6F14C201B020DDE0086EDE1 /* Project object */;
}
